// !$*UTF8*$!
{
	archiveVersion = 1;
	classes = {
	};
	objectVersion = 50;
	objects = {

/* Begin PBXBuildFile section */
		9902D01225FA5E5D00B3B9D6 /* AppDelegate.swift in Sources */ = {isa = PBXBuildFile; fileRef = 9902D01125FA5E5D00B3B9D6 /* AppDelegate.swift */; };
		9902D01925FA5E5D00B3B9D6 /* Main.storyboard in Resources */ = {isa = PBXBuildFile; fileRef = 9902D01725FA5E5D00B3B9D6 /* Main.storyboard */; };
		9902D01B25FA5E6000B3B9D6 /* Assets.xcassets in Resources */ = {isa = PBXBuildFile; fileRef = 9902D01A25FA5E6000B3B9D6 /* Assets.xcassets */; };
		9902D01E25FA5E6000B3B9D6 /* LaunchScreen.storyboard in Resources */ = {isa = PBXBuildFile; fileRef = 9902D01C25FA5E6000B3B9D6 /* LaunchScreen.storyboard */; };
		9902D02925FA61F000B3B9D6 /* ImageCell.swift in Sources */ = {isa = PBXBuildFile; fileRef = 9902D02825FA61F000B3B9D6 /* ImageCell.swift */; };
		9902D03225FA68FB00B3B9D6 /* GalleryCollectionViewController.swift in Sources */ = {isa = PBXBuildFile; fileRef = 9902D03125FA68FB00B3B9D6 /* GalleryCollectionViewController.swift */; };
		9902D03625FA6E6E00B3B9D6 /* Constants.swift in Sources */ = {isa = PBXBuildFile; fileRef = 9902D03525FA6E6E00B3B9D6 /* Constants.swift */; };
		9977C80B25FE19E7000E994E /* APICredentials.swift in Sources */ = {isa = PBXBuildFile; fileRef = 9977C80A25FE19E7000E994E /* APICredentials.swift */; };
		9977C80F25FE4D5E000E994E /* LinksViewController.swift in Sources */ = {isa = PBXBuildFile; fileRef = 9977C80E25FE4D5E000E994E /* LinksViewController.swift */; };
		9977C83425FE708A000E994E /* NetworkService.swift in Sources */ = {isa = PBXBuildFile; fileRef = 9977C83325FE708A000E994E /* NetworkService.swift */; };
		9977C845260274DE000E994E /* DataModel.xcdatamodeld in Sources */ = {isa = PBXBuildFile; fileRef = 9977C843260274DD000E994E /* DataModel.xcdatamodeld */; };
		99B30F052608ACC70009FC0F /* LinksPresenter.swift in Sources */ = {isa = PBXBuildFile; fileRef = 99B30F042608ACC70009FC0F /* LinksPresenter.swift */; };
		99B30F082608BA5D0009FC0F /* GalleryPresenter.swift in Sources */ = {isa = PBXBuildFile; fileRef = 99B30F072608BA5D0009FC0F /* GalleryPresenter.swift */; };
		99B30F0D2608E3FD0009FC0F /* LinksDataService.swift in Sources */ = {isa = PBXBuildFile; fileRef = 99B30F0C2608E3FD0009FC0F /* LinksDataService.swift */; };
		99C711BF2611ECD200254CEF /* ImageUploadOperation.swift in Sources */ = {isa = PBXBuildFile; fileRef = 99C711BE2611ECD200254CEF /* ImageUploadOperation.swift */; };
		99DC50CC260B72E5004944F4 /* NetworkError.swift in Sources */ = {isa = PBXBuildFile; fileRef = 99DC50CB260B72E5004944F4 /* NetworkError.swift */; };
/* End PBXBuildFile section */

/* Begin PBXFileReference section */
		9902D00E25FA5E5D00B3B9D6 /* CollectionViewExercise.app */ = {isa = PBXFileReference; explicitFileType = wrapper.application; includeInIndex = 0; path = CollectionViewExercise.app; sourceTree = BUILT_PRODUCTS_DIR; };
		9902D01125FA5E5D00B3B9D6 /* AppDelegate.swift */ = {isa = PBXFileReference; lastKnownFileType = sourcecode.swift; path = AppDelegate.swift; sourceTree = "<group>"; };
		9902D01825FA5E5D00B3B9D6 /* Base */ = {isa = PBXFileReference; lastKnownFileType = file.storyboard; name = Base; path = Base.lproj/Main.storyboard; sourceTree = "<group>"; };
		9902D01A25FA5E6000B3B9D6 /* Assets.xcassets */ = {isa = PBXFileReference; lastKnownFileType = folder.assetcatalog; path = Assets.xcassets; sourceTree = "<group>"; };
		9902D01D25FA5E6000B3B9D6 /* Base */ = {isa = PBXFileReference; lastKnownFileType = file.storyboard; name = Base; path = Base.lproj/LaunchScreen.storyboard; sourceTree = "<group>"; };
		9902D01F25FA5E6000B3B9D6 /* Info.plist */ = {isa = PBXFileReference; lastKnownFileType = text.plist.xml; path = Info.plist; sourceTree = "<group>"; };
		9902D02825FA61F000B3B9D6 /* ImageCell.swift */ = {isa = PBXFileReference; lastKnownFileType = sourcecode.swift; path = ImageCell.swift; sourceTree = "<group>"; };
		9902D03125FA68FB00B3B9D6 /* GalleryCollectionViewController.swift */ = {isa = PBXFileReference; fileEncoding = 4; lastKnownFileType = sourcecode.swift; path = GalleryCollectionViewController.swift; sourceTree = "<group>"; };
		9902D03525FA6E6E00B3B9D6 /* Constants.swift */ = {isa = PBXFileReference; lastKnownFileType = sourcecode.swift; path = Constants.swift; sourceTree = "<group>"; };
		9977C80A25FE19E7000E994E /* APICredentials.swift */ = {isa = PBXFileReference; lastKnownFileType = sourcecode.swift; path = APICredentials.swift; sourceTree = "<group>"; };
		9977C80E25FE4D5E000E994E /* LinksViewController.swift */ = {isa = PBXFileReference; lastKnownFileType = sourcecode.swift; path = LinksViewController.swift; sourceTree = "<group>"; };
		9977C83325FE708A000E994E /* NetworkService.swift */ = {isa = PBXFileReference; lastKnownFileType = sourcecode.swift; path = NetworkService.swift; sourceTree = "<group>"; };
		9977C844260274DD000E994E /* DataModel.xcdatamodel */ = {isa = PBXFileReference; lastKnownFileType = wrapper.xcdatamodel; path = DataModel.xcdatamodel; sourceTree = "<group>"; };
		99B30F042608ACC70009FC0F /* LinksPresenter.swift */ = {isa = PBXFileReference; lastKnownFileType = sourcecode.swift; path = LinksPresenter.swift; sourceTree = "<group>"; };
		99B30F072608BA5D0009FC0F /* GalleryPresenter.swift */ = {isa = PBXFileReference; lastKnownFileType = sourcecode.swift; path = GalleryPresenter.swift; sourceTree = "<group>"; };
		99B30F0C2608E3FD0009FC0F /* LinksDataService.swift */ = {isa = PBXFileReference; lastKnownFileType = sourcecode.swift; path = LinksDataService.swift; sourceTree = "<group>"; };
		99C711BE2611ECD200254CEF /* ImageUploadOperation.swift */ = {isa = PBXFileReference; lastKnownFileType = sourcecode.swift; path = ImageUploadOperation.swift; sourceTree = "<group>"; };
		99DC50CB260B72E5004944F4 /* NetworkError.swift */ = {isa = PBXFileReference; lastKnownFileType = sourcecode.swift; path = NetworkError.swift; sourceTree = "<group>"; };
/* End PBXFileReference section */

/* Begin PBXFrameworksBuildPhase section */
		9902D00B25FA5E5D00B3B9D6 /* Frameworks */ = {
			isa = PBXFrameworksBuildPhase;
			buildActionMask = 2147483647;
			files = (
			);
			runOnlyForDeploymentPostprocessing = 0;
		};
/* End PBXFrameworksBuildPhase section */

/* Begin PBXGroup section */
		9902D00525FA5E5D00B3B9D6 = {
			isa = PBXGroup;
			children = (
				9902D01025FA5E5D00B3B9D6 /* CollectionViewExercise */,
				9902D00F25FA5E5D00B3B9D6 /* Products */,
			);
			sourceTree = "<group>";
		};
		9902D00F25FA5E5D00B3B9D6 /* Products */ = {
			isa = PBXGroup;
			children = (
				9902D00E25FA5E5D00B3B9D6 /* CollectionViewExercise.app */,
			);
			name = Products;
			sourceTree = "<group>";
		};
		9902D01025FA5E5D00B3B9D6 /* CollectionViewExercise */ = {
			isa = PBXGroup;
			children = (
				99B30F032608ACA60009FC0F /* Presenters */,
				9977C83925FE7391000E994E /* Model */,
				9977C84C260341E2000E994E /* View */,
				9902D01725FA5E5D00B3B9D6 /* Main.storyboard */,
				9902D01A25FA5E6000B3B9D6 /* Assets.xcassets */,
				9902D01125FA5E5D00B3B9D6 /* AppDelegate.swift */,
				9902D03525FA6E6E00B3B9D6 /* Constants.swift */,
				9977C80A25FE19E7000E994E /* APICredentials.swift */,
				9902D01C25FA5E6000B3B9D6 /* LaunchScreen.storyboard */,
				9902D01F25FA5E6000B3B9D6 /* Info.plist */,
			);
			path = CollectionViewExercise;
			sourceTree = "<group>";
		};
		9977C83925FE7391000E994E /* Model */ = {
			isa = PBXGroup;
			children = (
				9977C843260274DD000E994E /* DataModel.xcdatamodeld */,
				9977C83325FE708A000E994E /* NetworkService.swift */,
				99B30F0C2608E3FD0009FC0F /* LinksDataService.swift */,
				99DC50CB260B72E5004944F4 /* NetworkError.swift */,
			);
			path = Model;
			sourceTree = "<group>";
		};
		9977C84C260341E2000E994E /* View */ = {
			isa = PBXGroup;
			children = (
				9902D03125FA68FB00B3B9D6 /* GalleryCollectionViewController.swift */,
				9977C80E25FE4D5E000E994E /* LinksViewController.swift */,
				9902D02825FA61F000B3B9D6 /* ImageCell.swift */,
			);
			path = View;
			sourceTree = "<group>";
		};
		99B30F032608ACA60009FC0F /* Presenters */ = {
			isa = PBXGroup;
			children = (
				99B30F042608ACC70009FC0F /* LinksPresenter.swift */,
				99B30F072608BA5D0009FC0F /* GalleryPresenter.swift */,
				99C711BE2611ECD200254CEF /* ImageUploadOperation.swift */,
			);
			path = Presenters;
			sourceTree = "<group>";
		};
/* End PBXGroup section */

/* Begin PBXNativeTarget section */
		9902D00D25FA5E5D00B3B9D6 /* CollectionViewExercise */ = {
			isa = PBXNativeTarget;
			buildConfigurationList = 9902D02225FA5E6000B3B9D6 /* Build configuration list for PBXNativeTarget "CollectionViewExercise" */;
			buildPhases = (
				9902D00A25FA5E5D00B3B9D6 /* Sources */,
				9902D00B25FA5E5D00B3B9D6 /* Frameworks */,
				9902D00C25FA5E5D00B3B9D6 /* Resources */,
			);
			buildRules = (
			);
			dependencies = (
			);
			name = CollectionViewExercise;
			productName = CollectionViewExercise;
			productReference = 9902D00E25FA5E5D00B3B9D6 /* CollectionViewExercise.app */;
			productType = "com.apple.product-type.application";
		};
/* End PBXNativeTarget section */

/* Begin PBXProject section */
		9902D00625FA5E5D00B3B9D6 /* Project object */ = {
			isa = PBXProject;
			attributes = {
				LastSwiftUpdateCheck = 1240;
				LastUpgradeCheck = 1240;
				TargetAttributes = {
					9902D00D25FA5E5D00B3B9D6 = {
						CreatedOnToolsVersion = 12.4;
					};
				};
			};
			buildConfigurationList = 9902D00925FA5E5D00B3B9D6 /* Build configuration list for PBXProject "CollectionViewExercise" */;
			compatibilityVersion = "Xcode 9.3";
			developmentRegion = en;
			hasScannedForEncodings = 0;
			knownRegions = (
				en,
				Base,
			);
			mainGroup = 9902D00525FA5E5D00B3B9D6;
			productRefGroup = 9902D00F25FA5E5D00B3B9D6 /* Products */;
			projectDirPath = "";
			projectRoot = "";
			targets = (
				9902D00D25FA5E5D00B3B9D6 /* CollectionViewExercise */,
			);
		};
/* End PBXProject section */

/* Begin PBXResourcesBuildPhase section */
		9902D00C25FA5E5D00B3B9D6 /* Resources */ = {
			isa = PBXResourcesBuildPhase;
			buildActionMask = 2147483647;
			files = (
				9902D01E25FA5E6000B3B9D6 /* LaunchScreen.storyboard in Resources */,
				9902D01B25FA5E6000B3B9D6 /* Assets.xcassets in Resources */,
				9902D01925FA5E5D00B3B9D6 /* Main.storyboard in Resources */,
			);
			runOnlyForDeploymentPostprocessing = 0;
		};
/* End PBXResourcesBuildPhase section */

/* Begin PBXSourcesBuildPhase section */
		9902D00A25FA5E5D00B3B9D6 /* Sources */ = {
			isa = PBXSourcesBuildPhase;
			buildActionMask = 2147483647;
			files = (
				9902D03225FA68FB00B3B9D6 /* GalleryCollectionViewController.swift in Sources */,
				99B30F0D2608E3FD0009FC0F /* LinksDataService.swift in Sources */,
				9977C845260274DE000E994E /* DataModel.xcdatamodeld in Sources */,
				9902D01225FA5E5D00B3B9D6 /* AppDelegate.swift in Sources */,
				99C711BF2611ECD200254CEF /* ImageUploadOperation.swift in Sources */,
				9977C80B25FE19E7000E994E /* APICredentials.swift in Sources */,
				99B30F052608ACC70009FC0F /* LinksPresenter.swift in Sources */,
				99B30F082608BA5D0009FC0F /* GalleryPresenter.swift in Sources */,
				9902D02925FA61F000B3B9D6 /* ImageCell.swift in Sources */,
				9977C80F25FE4D5E000E994E /* LinksViewController.swift in Sources */,
				99DC50CC260B72E5004944F4 /* NetworkError.swift in Sources */,
				9902D03625FA6E6E00B3B9D6 /* Constants.swift in Sources */,
				9977C83425FE708A000E994E /* NetworkService.swift in Sources */,
			);
			runOnlyForDeploymentPostprocessing = 0;
		};
/* End PBXSourcesBuildPhase section */

/* Begin PBXVariantGroup section */
		9902D01725FA5E5D00B3B9D6 /* Main.storyboard */ = {
			isa = PBXVariantGroup;
			children = (
				9902D01825FA5E5D00B3B9D6 /* Base */,
			);
			name = Main.storyboard;
			sourceTree = "<group>";
		};
		9902D01C25FA5E6000B3B9D6 /* LaunchScreen.storyboard */ = {
			isa = PBXVariantGroup;
			children = (
				9902D01D25FA5E6000B3B9D6 /* Base */,
			);
			name = LaunchScreen.storyboard;
			sourceTree = "<group>";
		};
/* End PBXVariantGroup section */

/* Begin XCBuildConfiguration section */
		9902D02025FA5E6000B3B9D6 /* Debug */ = {
			isa = XCBuildConfiguration;
			buildSettings = {
				ALWAYS_SEARCH_USER_PATHS = NO;
				CLANG_ANALYZER_NONNULL = YES;
				CLANG_ANALYZER_NUMBER_OBJECT_CONVERSION = YES_AGGRESSIVE;
				CLANG_CXX_LANGUAGE_STANDARD = "gnu++14";
				CLANG_CXX_LIBRARY = "libc++";
				CLANG_ENABLE_MODULES = YES;
				CLANG_ENABLE_OBJC_ARC = YES;
				CLANG_ENABLE_OBJC_WEAK = YES;
				CLANG_WARN_BLOCK_CAPTURE_AUTORELEASING = YES;
				CLANG_WARN_BOOL_CONVERSION = YES;
				CLANG_WARN_COMMA = YES;
				CLANG_WARN_CONSTANT_CONVERSION = YES;
				CLANG_WARN_DEPRECATED_OBJC_IMPLEMENTATIONS = YES;
				CLANG_WARN_DIRECT_OBJC_ISA_USAGE = YES_ERROR;
				CLANG_WARN_DOCUMENTATION_COMMENTS = YES;
				CLANG_WARN_EMPTY_BODY = YES;
				CLANG_WARN_ENUM_CONVERSION = YES;
				CLANG_WARN_INFINITE_RECURSION = YES;
				CLANG_WARN_INT_CONVERSION = YES;
				CLANG_WARN_NON_LITERAL_NULL_CONVERSION = YES;
				CLANG_WARN_OBJC_IMPLICIT_RETAIN_SELF = YES;
				CLANG_WARN_OBJC_LITERAL_CONVERSION = YES;
				CLANG_WARN_OBJC_ROOT_CLASS = YES_ERROR;
				CLANG_WARN_QUOTED_INCLUDE_IN_FRAMEWORK_HEADER = YES;
				CLANG_WARN_RANGE_LOOP_ANALYSIS = YES;
				CLANG_WARN_STRICT_PROTOTYPES = YES;
				CLANG_WARN_SUSPICIOUS_MOVE = YES;
				CLANG_WARN_UNGUARDED_AVAILABILITY = YES_AGGRESSIVE;
				CLANG_WARN_UNREACHABLE_CODE = YES;
				CLANG_WARN__DUPLICATE_METHOD_MATCH = YES;
				COPY_PHASE_STRIP = NO;
				DEBUG_INFORMATION_FORMAT = dwarf;
				ENABLE_STRICT_OBJC_MSGSEND = YES;
				ENABLE_TESTABILITY = YES;
				GCC_C_LANGUAGE_STANDARD = gnu11;
				GCC_DYNAMIC_NO_PIC = NO;
				GCC_NO_COMMON_BLOCKS = YES;
				GCC_OPTIMIZATION_LEVEL = 0;
				GCC_PREPROCESSOR_DEFINITIONS = (
					"DEBUG=1",
					"$(inherited)",
				);
				GCC_WARN_64_TO_32_BIT_CONVERSION = YES;
				GCC_WARN_ABOUT_RETURN_TYPE = YES_ERROR;
				GCC_WARN_UNDECLARED_SELECTOR = YES;
				GCC_WARN_UNINITIALIZED_AUTOS = YES_AGGRESSIVE;
				GCC_WARN_UNUSED_FUNCTION = YES;
				GCC_WARN_UNUSED_VARIABLE = YES;
				IPHONEOS_DEPLOYMENT_TARGET = 11.0;
				MTL_ENABLE_DEBUG_INFO = INCLUDE_SOURCE;
				MTL_FAST_MATH = YES;
				ONLY_ACTIVE_ARCH = YES;
				SDKROOT = iphoneos;
				SWIFT_ACTIVE_COMPILATION_CONDITIONS = DEBUG;
				SWIFT_OPTIMIZATION_LEVEL = "-Onone";
			};
			name = Debug;
		};
		9902D02125FA5E6000B3B9D6 /* Release */ = {
			isa = XCBuildConfiguration;
			buildSettings = {
				ALWAYS_SEARCH_USER_PATHS = NO;
				CLANG_ANALYZER_NONNULL = YES;
				CLANG_ANALYZER_NUMBER_OBJECT_CONVERSION = YES_AGGRESSIVE;
				CLANG_CXX_LANGUAGE_STANDARD = "gnu++14";
				CLANG_CXX_LIBRARY = "libc++";
				CLANG_ENABLE_MODULES = YES;
				CLANG_ENABLE_OBJC_ARC = YES;
				CLANG_ENABLE_OBJC_WEAK = YES;
				CLANG_WARN_BLOCK_CAPTURE_AUTORELEASING = YES;
				CLANG_WARN_BOOL_CONVERSION = YES;
				CLANG_WARN_COMMA = YES;
				CLANG_WARN_CONSTANT_CONVERSION = YES;
				CLANG_WARN_DEPRECATED_OBJC_IMPLEMENTATIONS = YES;
				CLANG_WARN_DIRECT_OBJC_ISA_USAGE = YES_ERROR;
				CLANG_WARN_DOCUMENTATION_COMMENTS = YES;
				CLANG_WARN_EMPTY_BODY = YES;
				CLANG_WARN_ENUM_CONVERSION = YES;
				CLANG_WARN_INFINITE_RECURSION = YES;
				CLANG_WARN_INT_CONVERSION = YES;
				CLANG_WARN_NON_LITERAL_NULL_CONVERSION = YES;
				CLANG_WARN_OBJC_IMPLICIT_RETAIN_SELF = YES;
				CLANG_WARN_OBJC_LITERAL_CONVERSION = YES;
				CLANG_WARN_OBJC_ROOT_CLASS = YES_ERROR;
				CLANG_WARN_QUOTED_INCLUDE_IN_FRAMEWORK_HEADER = YES;
				CLANG_WARN_RANGE_LOOP_ANALYSIS = YES;
				CLANG_WARN_STRICT_PROTOTYPES = YES;
				CLANG_WARN_SUSPICIOUS_MOVE = YES;
				CLANG_WARN_UNGUARDED_AVAILABILITY = YES_AGGRESSIVE;
				CLANG_WARN_UNREACHABLE_CODE = YES;
				CLANG_WARN__DUPLICATE_METHOD_MATCH = YES;
				COPY_PHASE_STRIP = NO;
				DEBUG_INFORMATION_FORMAT = "dwarf-with-dsym";
				ENABLE_NS_ASSERTIONS = NO;
				ENABLE_STRICT_OBJC_MSGSEND = YES;
				GCC_C_LANGUAGE_STANDARD = gnu11;
				GCC_NO_COMMON_BLOCKS = YES;
				GCC_WARN_64_TO_32_BIT_CONVERSION = YES;
				GCC_WARN_ABOUT_RETURN_TYPE = YES_ERROR;
				GCC_WARN_UNDECLARED_SELECTOR = YES;
				GCC_WARN_UNINITIALIZED_AUTOS = YES_AGGRESSIVE;
				GCC_WARN_UNUSED_FUNCTION = YES;
				GCC_WARN_UNUSED_VARIABLE = YES;
				IPHONEOS_DEPLOYMENT_TARGET = 11.0;
				MTL_ENABLE_DEBUG_INFO = NO;
				MTL_FAST_MATH = YES;
				SDKROOT = iphoneos;
				SWIFT_COMPILATION_MODE = wholemodule;
				SWIFT_OPTIMIZATION_LEVEL = "-O";
				VALIDATE_PRODUCT = YES;
			};
			name = Release;
		};
		9902D02325FA5E6000B3B9D6 /* Debug */ = {
			isa = XCBuildConfiguration;
			buildSettings = {
				ASSETCATALOG_COMPILER_APPICON_NAME = AppIcon;
				ASSETCATALOG_COMPILER_GLOBAL_ACCENT_COLOR_NAME = AccentColor;
				CODE_SIGN_STYLE = Automatic;
				DEVELOPMENT_TEAM = WTDX82D4HW;
				INFOPLIST_FILE = CollectionViewExercise/Info.plist;
				IPHONEOS_DEPLOYMENT_TARGET = 14.4;
				LD_RUNPATH_SEARCH_PATHS = (
					"$(inherited)",
					"@executable_path/Frameworks",
				);
				PRODUCT_BUNDLE_IDENTIFIER = "com.elad-m.CollectionViewExercise";
				PRODUCT_NAME = "$(TARGET_NAME)";
				SWIFT_VERSION = 5.0;
				TARGETED_DEVICE_FAMILY = "1,2";
			};
			name = Debug;
		};
		9902D02425FA5E6000B3B9D6 /* Release */ = {
			isa = XCBuildConfiguration;
			buildSettings = {
				ASSETCATALOG_COMPILER_APPICON_NAME = AppIcon;
				ASSETCATALOG_COMPILER_GLOBAL_ACCENT_COLOR_NAME = AccentColor;
				CODE_SIGN_STYLE = Automatic;
				DEVELOPMENT_TEAM = WTDX82D4HW;
				INFOPLIST_FILE = CollectionViewExercise/Info.plist;
				IPHONEOS_DEPLOYMENT_TARGET = 14.4;
				LD_RUNPATH_SEARCH_PATHS = (
					"$(inherited)",
					"@executable_path/Frameworks",
				);
				PRODUCT_BUNDLE_IDENTIFIER = "com.elad-m.CollectionViewExercise";
				PRODUCT_NAME = "$(TARGET_NAME)";
				SWIFT_VERSION = 5.0;
				TARGETED_DEVICE_FAMILY = "1,2";
			};
			name = Release;
		};
/* End XCBuildConfiguration section */

/* Begin XCConfigurationList section */
		9902D00925FA5E5D00B3B9D6 /* Build configuration list for PBXProject "CollectionViewExercise" */ = {
			isa = XCConfigurationList;
			buildConfigurations = (
				9902D02025FA5E6000B3B9D6 /* Debug */,
				9902D02125FA5E6000B3B9D6 /* Release */,
			);
			defaultConfigurationIsVisible = 0;
			defaultConfigurationName = Release;
		};
		9902D02225FA5E6000B3B9D6 /* Build configuration list for PBXNativeTarget "CollectionViewExercise" */ = {
			isa = XCConfigurationList;
			buildConfigurations = (
				9902D02325FA5E6000B3B9D6 /* Debug */,
				9902D02425FA5E6000B3B9D6 /* Release */,
			);
			defaultConfigurationIsVisible = 0;
			defaultConfigurationName = Release;
		};
/* End XCConfigurationList section */

/* Begin XCVersionGroup section */
		9977C843260274DD000E994E /* DataModel.xcdatamodeld */ = {
			isa = XCVersionGroup;
			children = (
				9977C844260274DD000E994E /* DataModel.xcdatamodel */,
			);
			currentVersion = 9977C844260274DD000E994E /* DataModel.xcdatamodel */;
			path = DataModel.xcdatamodeld;
			sourceTree = "<group>";
			versionGroupType = wrapper.xcdatamodel;
		};
/* End XCVersionGroup section */
	};
	rootObject = 9902D00625FA5E5D00B3B9D6 /* Project object */;
}
